
Microsoft Visual Studio Solution File, Format Version 12.00
# Visual Studio 2012
Project("{FAE04EC0-301F-11D3-BF4B-00C04F79EFBC}") = "CITest", "CITest\CITest.csproj", "{C4D495CC-1641-43C3-8FA2-13D83D442742}"
EndProject
Project("{FAE04EC0-301F-11D3-BF4B-00C04F79EFBC}") = "UnitTest", "UnitTest\UnitTest.csproj", "{F55C884C-B2A3-48E8-B4C0-5B1077A15D9D}"
EndProject
Global
	GlobalSection(SolutionConfigurationPlatforms) = preSolution
		Debug|Any CPU = Debug|Any CPU
		Release|Any CPU = Release|Any CPU
	EndGlobalSection
	GlobalSection(ProjectConfigurationPlatforms) = postSolution
		{C4D495CC-1641-43C3-8FA2-13D83D442742}.Debug|Any CPU.ActiveCfg = Debug|Any CPU
		{C4D495CC-1641-43C3-8FA2-13D83D442742}.Debug|Any CPU.Build.0 = Debug|Any CPU
		{C4D495CC-1641-43C3-8FA2-13D83D442742}.Release|Any CPU.ActiveCfg = Release|Any CPU
		{C4D495CC-1641-43C3-8FA2-13D83D442742}.Release|Any CPU.Build.0 = Release|Any CPU
		{F55C884C-B2A3-48E8-B4C0-5B1077A15D9D}.Debug|Any CPU.ActiveCfg = Debug|Any CPU
		{F55C884C-B2A3-48E8-B4C0-5B1077A15D9D}.Debug|Any CPU.Build.0 = Debug|Any CPU
		{F55C884C-B2A3-48E8-B4C0-5B1077A15D9D}.Release|Any CPU.ActiveCfg = Release|Any CPU
		{F55C884C-B2A3-48E8-B4C0-5B1077A15D9D}.Release|Any CPU.Build.0 = Release|Any CPU
	EndGlobalSection
	GlobalSection(SolutionProperties) = preSolution
		HideSolutionNode = FALSE
	EndGlobalSection
EndGlobal
